
Microsoft Visual Studio Solution File, Format Version 12.00
# Visual Studio Version 16
VisualStudioVersion = 16.0.28803.156
MinimumVisualStudioVersion = 10.0.40219.1
Project("{D954291E-2A0B-460D-934E-DC6B0785DB48}") = "UnoMultiselect.Shared", "UnoMultiselect\UnoMultiselect.Shared\UnoMultiselect.Shared.shproj", "{6279C845-92F8-4333-AB99-3D213163593C}"
EndProject
Project("{FAE04EC0-301F-11D3-BF4B-00C04F79EFBC}") = "UnoMultiselect.UWP", "UnoMultiselect\UnoMultiselect.UWP\UnoMultiselect.UWP.csproj", "{58790CC2-0A55-4AEB-B60B-BCC29534452D}"
EndProject
Project("{9A19103F-16F7-4668-BE54-9A1E7A4F7556}") = "UnoMultiselect.Wasm", "UnoMultiselect\UnoMultiselect.Wasm\UnoMultiselect.Wasm.csproj", "{0DC34C97-D9FB-47B2-A656-A0FBFC49FD52}"
EndProject
Global
	GlobalSection(SharedMSBuildProjectFiles) = preSolution
		UnoMultiselect\UnoMultiselect.Shared\UnoMultiselect.Shared.projitems*{58790cc2-0a55-4aeb-b60b-bcc29534452d}*SharedItemsImports = 4
		UnoMultiselect\UnoMultiselect.Shared\UnoMultiselect.Shared.projitems*{6279c845-92f8-4333-ab99-3d213163593c}*SharedItemsImports = 13
	EndGlobalSection
	GlobalSection(SolutionConfigurationPlatforms) = preSolution
		Ad-Hoc|Any CPU = Ad-Hoc|Any CPU
		Ad-Hoc|ARM = Ad-Hoc|ARM
		Ad-Hoc|iPhone = Ad-Hoc|iPhone
		Ad-Hoc|iPhoneSimulator = Ad-Hoc|iPhoneSimulator
		Ad-Hoc|x64 = Ad-Hoc|x64
		Ad-Hoc|x86 = Ad-Hoc|x86
		AppStore|Any CPU = AppStore|Any CPU
		AppStore|ARM = AppStore|ARM
		AppStore|iPhone = AppStore|iPhone
		AppStore|iPhoneSimulator = AppStore|iPhoneSimulator
		AppStore|x64 = AppStore|x64
		AppStore|x86 = AppStore|x86
		Debug|Any CPU = Debug|Any CPU
		Debug|ARM = Debug|ARM
		Debug|iPhone = Debug|iPhone
		Debug|iPhoneSimulator = Debug|iPhoneSimulator
		Debug|x64 = Debug|x64
		Debug|x86 = Debug|x86
		Release|Any CPU = Release|Any CPU
		Release|ARM = Release|ARM
		Release|iPhone = Release|iPhone
		Release|iPhoneSimulator = Release|iPhoneSimulator
		Release|x64 = Release|x64
		Release|x86 = Release|x86
	EndGlobalSection
	GlobalSection(ProjectConfigurationPlatforms) = postSolution
		{58790CC2-0A55-4AEB-B60B-BCC29534452D}.Ad-Hoc|Any CPU.ActiveCfg = Release|x64
		{58790CC2-0A55-4AEB-B60B-BCC29534452D}.Ad-Hoc|Any CPU.Build.0 = Release|x64
		{58790CC2-0A55-4AEB-B60B-BCC29534452D}.Ad-Hoc|Any CPU.Deploy.0 = Release|x64
		{58790CC2-0A55-4AEB-B60B-BCC29534452D}.Ad-Hoc|ARM.ActiveCfg = Release|ARM
		{58790CC2-0A55-4AEB-B60B-BCC29534452D}.Ad-Hoc|ARM.Build.0 = Release|ARM
		{58790CC2-0A55-4AEB-B60B-BCC29534452D}.Ad-Hoc|ARM.Deploy.0 = Release|ARM
		{58790CC2-0A55-4AEB-B60B-BCC29534452D}.Ad-Hoc|iPhone.ActiveCfg = Release|x64
		{58790CC2-0A55-4AEB-B60B-BCC29534452D}.Ad-Hoc|iPhone.Build.0 = Release|x64
		{58790CC2-0A55-4AEB-B60B-BCC29534452D}.Ad-Hoc|iPhone.Deploy.0 = Release|x64
		{58790CC2-0A55-4AEB-B60B-BCC29534452D}.Ad-Hoc|iPhoneSimulator.ActiveCfg = Release|x64
		{58790CC2-0A55-4AEB-B60B-BCC29534452D}.Ad-Hoc|iPhoneSimulator.Build.0 = Release|x64
		{58790CC2-0A55-4AEB-B60B-BCC29534452D}.Ad-Hoc|iPhoneSimulator.Deploy.0 = Release|x64
		{58790CC2-0A55-4AEB-B60B-BCC29534452D}.Ad-Hoc|x64.ActiveCfg = Release|x64
		{58790CC2-0A55-4AEB-B60B-BCC29534452D}.Ad-Hoc|x64.Build.0 = Release|x64
		{58790CC2-0A55-4AEB-B60B-BCC29534452D}.Ad-Hoc|x64.Deploy.0 = Release|x64
		{58790CC2-0A55-4AEB-B60B-BCC29534452D}.Ad-Hoc|x86.ActiveCfg = Release|x86
		{58790CC2-0A55-4AEB-B60B-BCC29534452D}.Ad-Hoc|x86.Build.0 = Release|x86
		{58790CC2-0A55-4AEB-B60B-BCC29534452D}.Ad-Hoc|x86.Deploy.0 = Release|x86
		{58790CC2-0A55-4AEB-B60B-BCC29534452D}.AppStore|Any CPU.ActiveCfg = Release|x64
		{58790CC2-0A55-4AEB-B60B-BCC29534452D}.AppStore|Any CPU.Build.0 = Release|x64
		{58790CC2-0A55-4AEB-B60B-BCC29534452D}.AppStore|Any CPU.Deploy.0 = Release|x64
		{58790CC2-0A55-4AEB-B60B-BCC29534452D}.AppStore|ARM.ActiveCfg = Release|ARM
		{58790CC2-0A55-4AEB-B60B-BCC29534452D}.AppStore|ARM.Build.0 = Release|ARM
		{58790CC2-0A55-4AEB-B60B-BCC29534452D}.AppStore|ARM.Deploy.0 = Release|ARM
		{58790CC2-0A55-4AEB-B60B-BCC29534452D}.AppStore|iPhone.ActiveCfg = Release|x64
		{58790CC2-0A55-4AEB-B60B-BCC29534452D}.AppStore|iPhone.Build.0 = Release|x64
		{58790CC2-0A55-4AEB-B60B-BCC29534452D}.AppStore|iPhone.Deploy.0 = Release|x64
		{58790CC2-0A55-4AEB-B60B-BCC29534452D}.AppStore|iPhoneSimulator.ActiveCfg = Release|x64
		{58790CC2-0A55-4AEB-B60B-BCC29534452D}.AppStore|iPhoneSimulator.Build.0 = Release|x64
		{58790CC2-0A55-4AEB-B60B-BCC29534452D}.AppStore|iPhoneSimulator.Deploy.0 = Release|x64
		{58790CC2-0A55-4AEB-B60B-BCC29534452D}.AppStore|x64.ActiveCfg = Release|x64
		{58790CC2-0A55-4AEB-B60B-BCC29534452D}.AppStore|x64.Build.0 = Release|x64
		{58790CC2-0A55-4AEB-B60B-BCC29534452D}.AppStore|x64.Deploy.0 = Release|x64
		{58790CC2-0A55-4AEB-B60B-BCC29534452D}.AppStore|x86.ActiveCfg = Release|x86
		{58790CC2-0A55-4AEB-B60B-BCC29534452D}.AppStore|x86.Build.0 = Release|x86
		{58790CC2-0A55-4AEB-B60B-BCC29534452D}.AppStore|x86.Deploy.0 = Release|x86
		{58790CC2-0A55-4AEB-B60B-BCC29534452D}.Debug|Any CPU.ActiveCfg = Debug|x86
		{58790CC2-0A55-4AEB-B60B-BCC29534452D}.Debug|ARM.ActiveCfg = Debug|ARM
		{58790CC2-0A55-4AEB-B60B-BCC29534452D}.Debug|ARM.Build.0 = Debug|ARM
		{58790CC2-0A55-4AEB-B60B-BCC29534452D}.Debug|ARM.Deploy.0 = Debug|ARM
		{58790CC2-0A55-4AEB-B60B-BCC29534452D}.Debug|iPhone.ActiveCfg = Debug|x86
		{58790CC2-0A55-4AEB-B60B-BCC29534452D}.Debug|iPhoneSimulator.ActiveCfg = Debug|x86
		{58790CC2-0A55-4AEB-B60B-BCC29534452D}.Debug|x64.ActiveCfg = Debug|x64
		{58790CC2-0A55-4AEB-B60B-BCC29534452D}.Debug|x64.Build.0 = Debug|x64
		{58790CC2-0A55-4AEB-B60B-BCC29534452D}.Debug|x64.Deploy.0 = Debug|x64
		{58790CC2-0A55-4AEB-B60B-BCC29534452D}.Debug|x86.ActiveCfg = Debug|x86
		{58790CC2-0A55-4AEB-B60B-BCC29534452D}.Debug|x86.Build.0 = Debug|x86
		{58790CC2-0A55-4AEB-B60B-BCC29534452D}.Debug|x86.Deploy.0 = Debug|x86
		{58790CC2-0A55-4AEB-B60B-BCC29534452D}.Release|Any CPU.ActiveCfg = Release|x86
		{58790CC2-0A55-4AEB-B60B-BCC29534452D}.Release|ARM.ActiveCfg = Release|ARM
		{58790CC2-0A55-4AEB-B60B-BCC29534452D}.Release|ARM.Build.0 = Release|ARM
		{58790CC2-0A55-4AEB-B60B-BCC29534452D}.Release|ARM.Deploy.0 = Release|ARM
		{58790CC2-0A55-4AEB-B60B-BCC29534452D}.Release|iPhone.ActiveCfg = Release|x86
		{58790CC2-0A55-4AEB-B60B-BCC29534452D}.Release|iPhoneSimulator.ActiveCfg = Release|x86
		{58790CC2-0A55-4AEB-B60B-BCC29534452D}.Release|x64.ActiveCfg = Release|x64
		{58790CC2-0A55-4AEB-B60B-BCC29534452D}.Release|x64.Build.0 = Release|x64
		{58790CC2-0A55-4AEB-B60B-BCC29534452D}.Release|x64.Deploy.0 = Release|x64
		{58790CC2-0A55-4AEB-B60B-BCC29534452D}.Release|x86.ActiveCfg = Release|x86
		{58790CC2-0A55-4AEB-B60B-BCC29534452D}.Release|x86.Build.0 = Release|x86
		{58790CC2-0A55-4AEB-B60B-BCC29534452D}.Release|x86.Deploy.0 = Release|x86
		{0DC34C97-D9FB-47B2-A656-A0FBFC49FD52}.Ad-Hoc|Any CPU.ActiveCfg = Debug|Any CPU
		{0DC34C97-D9FB-47B2-A656-A0FBFC49FD52}.Ad-Hoc|Any CPU.Build.0 = Debug|Any CPU
		{0DC34C97-D9FB-47B2-A656-A0FBFC49FD52}.Ad-Hoc|ARM.ActiveCfg = Debug|Any CPU
		{0DC34C97-D9FB-47B2-A656-A0FBFC49FD52}.Ad-Hoc|ARM.Build.0 = Debug|Any CPU
		{0DC34C97-D9FB-47B2-A656-A0FBFC49FD52}.Ad-Hoc|iPhone.ActiveCfg = Debug|Any CPU
		{0DC34C97-D9FB-47B2-A656-A0FBFC49FD52}.Ad-Hoc|iPhone.Build.0 = Debug|Any CPU
		{0DC34C97-D9FB-47B2-A656-A0FBFC49FD52}.Ad-Hoc|iPhoneSimulator.ActiveCfg = Debug|Any CPU
		{0DC34C97-D9FB-47B2-A656-A0FBFC49FD52}.Ad-Hoc|iPhoneSimulator.Build.0 = Debug|Any CPU
		{0DC34C97-D9FB-47B2-A656-A0FBFC49FD52}.Ad-Hoc|x64.ActiveCfg = Debug|Any CPU
		{0DC34C97-D9FB-47B2-A656-A0FBFC49FD52}.Ad-Hoc|x64.Build.0 = Debug|Any CPU
		{0DC34C97-D9FB-47B2-A656-A0FBFC49FD52}.Ad-Hoc|x86.ActiveCfg = Debug|Any CPU
		{0DC34C97-D9FB-47B2-A656-A0FBFC49FD52}.Ad-Hoc|x86.Build.0 = Debug|Any CPU
		{0DC34C97-D9FB-47B2-A656-A0FBFC49FD52}.AppStore|Any CPU.ActiveCfg = Debug|Any CPU
		{0DC34C97-D9FB-47B2-A656-A0FBFC49FD52}.AppStore|Any CPU.Build.0 = Debug|Any CPU
		{0DC34C97-D9FB-47B2-A656-A0FBFC49FD52}.AppStore|ARM.ActiveCfg = Debug|Any CPU
		{0DC34C97-D9FB-47B2-A656-A0FBFC49FD52}.AppStore|ARM.Build.0 = Debug|Any CPU
		{0DC34C97-D9FB-47B2-A656-A0FBFC49FD52}.AppStore|iPhone.ActiveCfg = Debug|Any CPU
		{0DC34C97-D9FB-47B2-A656-A0FBFC49FD52}.AppStore|iPhone.Build.0 = Debug|Any CPU
		{0DC34C97-D9FB-47B2-A656-A0FBFC49FD52}.AppStore|iPhoneSimulator.ActiveCfg = Debug|Any CPU
		{0DC34C97-D9FB-47B2-A656-A0FBFC49FD52}.AppStore|iPhoneSimulator.Build.0 = Debug|Any CPU
		{0DC34C97-D9FB-47B2-A656-A0FBFC49FD52}.AppStore|x64.ActiveCfg = Debug|Any CPU
		{0DC34C97-D9FB-47B2-A656-A0FBFC49FD52}.AppStore|x64.Build.0 = Debug|Any CPU
		{0DC34C97-D9FB-47B2-A656-A0FBFC49FD52}.AppStore|x86.ActiveCfg = Debug|Any CPU
		{0DC34C97-D9FB-47B2-A656-A0FBFC49FD52}.AppStore|x86.Build.0 = Debug|Any CPU
		{0DC34C97-D9FB-47B2-A656-A0FBFC49FD52}.Debug|Any CPU.ActiveCfg = Debug|Any CPU
		{0DC34C97-D9FB-47B2-A656-A0FBFC49FD52}.Debug|Any CPU.Build.0 = Debug|Any CPU
		{0DC34C97-D9FB-47B2-A656-A0FBFC49FD52}.Debug|ARM.ActiveCfg = Debug|Any CPU
		{0DC34C97-D9FB-47B2-A656-A0FBFC49FD52}.Debug|ARM.Build.0 = Debug|Any CPU
		{0DC34C97-D9FB-47B2-A656-A0FBFC49FD52}.Debug|iPhone.ActiveCfg = Debug|Any CPU
		{0DC34C97-D9FB-47B2-A656-A0FBFC49FD52}.Debug|iPhone.Build.0 = Debug|Any CPU
		{0DC34C97-D9FB-47B2-A656-A0FBFC49FD52}.Debug|iPhoneSimulator.ActiveCfg = Debug|Any CPU
		{0DC34C97-D9FB-47B2-A656-A0FBFC49FD52}.Debug|iPhoneSimulator.Build.0 = Debug|Any CPU
		{0DC34C97-D9FB-47B2-A656-A0FBFC49FD52}.Debug|x64.ActiveCfg = Debug|Any CPU
		{0DC34C97-D9FB-47B2-A656-A0FBFC49FD52}.Debug|x64.Build.0 = Debug|Any CPU
		{0DC34C97-D9FB-47B2-A656-A0FBFC49FD52}.Debug|x86.ActiveCfg = Debug|Any CPU
		{0DC34C97-D9FB-47B2-A656-A0FBFC49FD52}.Debug|x86.Build.0 = Debug|Any CPU
		{0DC34C97-D9FB-47B2-A656-A0FBFC49FD52}.Release|Any CPU.ActiveCfg = Release|Any CPU
		{0DC34C97-D9FB-47B2-A656-A0FBFC49FD52}.Release|Any CPU.Build.0 = Release|Any CPU
		{0DC34C97-D9FB-47B2-A656-A0FBFC49FD52}.Release|ARM.ActiveCfg = Release|Any CPU
		{0DC34C97-D9FB-47B2-A656-A0FBFC49FD52}.Release|ARM.Build.0 = Release|Any CPU
		{0DC34C97-D9FB-47B2-A656-A0FBFC49FD52}.Release|iPhone.ActiveCfg = Release|Any CPU
		{0DC34C97-D9FB-47B2-A656-A0FBFC49FD52}.Release|iPhone.Build.0 = Release|Any CPU
		{0DC34C97-D9FB-47B2-A656-A0FBFC49FD52}.Release|iPhoneSimulator.ActiveCfg = Release|Any CPU
		{0DC34C97-D9FB-47B2-A656-A0FBFC49FD52}.Release|iPhoneSimulator.Build.0 = Release|Any CPU
		{0DC34C97-D9FB-47B2-A656-A0FBFC49FD52}.Release|x64.ActiveCfg = Release|Any CPU
		{0DC34C97-D9FB-47B2-A656-A0FBFC49FD52}.Release|x64.Build.0 = Release|Any CPU
		{0DC34C97-D9FB-47B2-A656-A0FBFC49FD52}.Release|x86.ActiveCfg = Release|Any CPU
		{0DC34C97-D9FB-47B2-A656-A0FBFC49FD52}.Release|x86.Build.0 = Release|Any CPU
	EndGlobalSection
	GlobalSection(SolutionProperties) = preSolution
		HideSolutionNode = FALSE
	EndGlobalSection
	GlobalSection(ExtensibilityGlobals) = postSolution
		SolutionGuid = {8ACCFC3A-D354-4C63-964E-03AB53D97E5E}
	EndGlobalSection
EndGlobal
